
Microsoft Visual Studio Solution File, Format Version 12.00
# Visual Studio Version 16
VisualStudioVersion = 16.0.32002.261
MinimumVisualStudioVersion = 10.0.40219.1
Project("{9A19103F-16F7-4668-BE54-9A1E7A4F7556}") = "ApptSched", "ApptSched\ApptSched.csproj", "{CF0F3F40-241D-43B1-8720-3A82910F1AFC}"
EndProject
Global
	GlobalSection(SolutionConfigurationPlatforms) = preSolution
		Debug|Any CPU = Debug|Any CPU
		Release|Any CPU = Release|Any CPU
	EndGlobalSection
	GlobalSection(ProjectConfigurationPlatforms) = postSolution
		{CF0F3F40-241D-43B1-8720-3A82910F1AFC}.Debug|Any CPU.ActiveCfg = Debug|Any CPU
		{CF0F3F40-241D-43B1-8720-3A82910F1AFC}.Debug|Any CPU.Build.0 = Debug|Any CPU
		{CF0F3F40-241D-43B1-8720-3A82910F1AFC}.Release|Any CPU.ActiveCfg = Release|Any CPU
		{CF0F3F40-241D-43B1-8720-3A82910F1AFC}.Release|Any CPU.Build.0 = Release|Any CPU
	EndGlobalSection
	GlobalSection(SolutionProperties) = preSolution
		HideSolutionNode = FALSE
	EndGlobalSection
	GlobalSection(ExtensibilityGlobals) = postSolution
		SolutionGuid = {E328062F-7B0A-43B0-A117-9B40D0F74AAD}
	EndGlobalSection
EndGlobal
